// !$*UTF8*$!
{
	archiveVersion = 1;
	classes = {
	};
	objectVersion = 50;
	objects = {

/* Begin PBXBuildFile section */
		00FBAA0F26E2999400EA8696 /* AppDelegate.swift in Sources */ = {isa = PBXBuildFile; fileRef = 00FBAA0E26E2999400EA8696 /* AppDelegate.swift */; };
		00FBAA1126E2999400EA8696 /* SceneDelegate.swift in Sources */ = {isa = PBXBuildFile; fileRef = 00FBAA1026E2999400EA8696 /* SceneDelegate.swift */; };
		00FBAA1326E2999400EA8696 /* ViewController.swift in Sources */ = {isa = PBXBuildFile; fileRef = 00FBAA1226E2999400EA8696 /* ViewController.swift */; };
		00FBAA1626E2999400EA8696 /* Main.storyboard in Resources */ = {isa = PBXBuildFile; fileRef = 00FBAA1426E2999400EA8696 /* Main.storyboard */; };
		00FBAA1826E2999600EA8696 /* Assets.xcassets in Resources */ = {isa = PBXBuildFile; fileRef = 00FBAA1726E2999600EA8696 /* Assets.xcassets */; };
		00FBAA1B26E2999600EA8696 /* LaunchScreen.storyboard in Resources */ = {isa = PBXBuildFile; fileRef = 00FBAA1926E2999600EA8696 /* LaunchScreen.storyboard */; };
		00FBAA2326E29AEB00EA8696 /* NextViewController.swift in Sources */ = {isa = PBXBuildFile; fileRef = 00FBAA2226E29AEB00EA8696 /* NextViewController.swift */; };
/* End PBXBuildFile section */

/* Begin PBXFileReference section */
		00FBAA0B26E2999400EA8696 /* Swift5TableViewBasic.app */ = {isa = PBXFileReference; explicitFileType = wrapper.application; includeInIndex = 0; path = Swift5TableViewBasic.app; sourceTree = BUILT_PRODUCTS_DIR; };
		00FBAA0E26E2999400EA8696 /* AppDelegate.swift */ = {isa = PBXFileReference; lastKnownFileType = sourcecode.swift; path = AppDelegate.swift; sourceTree = "<group>"; };
		00FBAA1026E2999400EA8696 /* SceneDelegate.swift */ = {isa = PBXFileReference; lastKnownFileType = sourcecode.swift; path = SceneDelegate.swift; sourceTree = "<group>"; };
		00FBAA1226E2999400EA8696 /* ViewController.swift */ = {isa = PBXFileReference; lastKnownFileType = sourcecode.swift; path = ViewController.swift; sourceTree = "<group>"; };
		00FBAA1526E2999400EA8696 /* Base */ = {isa = PBXFileReference; lastKnownFileType = file.storyboard; name = Base; path = Base.lproj/Main.storyboard; sourceTree = "<group>"; };
		00FBAA1726E2999600EA8696 /* Assets.xcassets */ = {isa = PBXFileReference; lastKnownFileType = folder.assetcatalog; path = Assets.xcassets; sourceTree = "<group>"; };
		00FBAA1A26E2999600EA8696 /* Base */ = {isa = PBXFileReference; lastKnownFileType = file.storyboard; name = Base; path = Base.lproj/LaunchScreen.storyboard; sourceTree = "<group>"; };
		00FBAA1C26E2999600EA8696 /* Info.plist */ = {isa = PBXFileReference; lastKnownFileType = text.plist.xml; path = Info.plist; sourceTree = "<group>"; };
		00FBAA2226E29AEB00EA8696 /* NextViewController.swift */ = {isa = PBXFileReference; lastKnownFileType = sourcecode.swift; path = NextViewController.swift; sourceTree = "<group>"; };
/* End PBXFileReference section */

/* Begin PBXFrameworksBuildPhase section */
		00FBAA0826E2999400EA8696 /* Frameworks */ = {
			isa = PBXFrameworksBuildPhase;
			buildActionMask = 2147483647;
			files = (
			);
			runOnlyForDeploymentPostprocessing = 0;
		};
/* End PBXFrameworksBuildPhase section */

/* Begin PBXGroup section */
		00FBAA0226E2999400EA8696 = {
			isa = PBXGroup;
			children = (
				00FBAA0D26E2999400EA8696 /* Swift5TableViewBasic */,
				00FBAA0C26E2999400EA8696 /* Products */,
			);
			sourceTree = "<group>";
		};
		00FBAA0C26E2999400EA8696 /* Products */ = {
			isa = PBXGroup;
			children = (
				00FBAA0B26E2999400EA8696 /* Swift5TableViewBasic.app */,
			);
			name = Products;
			sourceTree = "<group>";
		};
		00FBAA0D26E2999400EA8696 /* Swift5TableViewBasic */ = {
			isa = PBXGroup;
			children = (
				00FBAA0E26E2999400EA8696 /* AppDelegate.swift */,
				00FBAA1026E2999400EA8696 /* SceneDelegate.swift */,
				00FBAA1226E2999400EA8696 /* ViewController.swift */,
				00FBAA2226E29AEB00EA8696 /* NextViewController.swift */,
				00FBAA1426E2999400EA8696 /* Main.storyboard */,
				00FBAA1726E2999600EA8696 /* Assets.xcassets */,
				00FBAA1926E2999600EA8696 /* LaunchScreen.storyboard */,
				00FBAA1C26E2999600EA8696 /* Info.plist */,
			);
			path = Swift5TableViewBasic;
			sourceTree = "<group>";
		};
/* End PBXGroup section */

/* Begin PBXNativeTarget section */
		00FBAA0A26E2999400EA8696 /* Swift5TableViewBasic */ = {
			isa = PBXNativeTarget;
			buildConfigurationList = 00FBAA1F26E2999600EA8696 /* Build configuration list for PBXNativeTarget "Swift5TableViewBasic" */;
			buildPhases = (
				00FBAA0726E2999400EA8696 /* Sources */,
				00FBAA0826E2999400EA8696 /* Frameworks */,
				00FBAA0926E2999400EA8696 /* Resources */,
			);
			buildRules = (
			);
			dependencies = (
			);
			name = Swift5TableViewBasic;
			productName = Swift5TableViewBasic;
			productReference = 00FBAA0B26E2999400EA8696 /* Swift5TableViewBasic.app */;
			productType = "com.apple.product-type.application";
		};
/* End PBXNativeTarget section */

/* Begin PBXProject section */
		00FBAA0326E2999400EA8696 /* Project object */ = {
			isa = PBXProject;
			attributes = {
				LastSwiftUpdateCheck = 1250;
				LastUpgradeCheck = 1250;
				TargetAttributes = {
					00FBAA0A26E2999400EA8696 = {
						CreatedOnToolsVersion = 12.5.1;
					};
				};
			};
			buildConfigurationList = 00FBAA0626E2999400EA8696 /* Build configuration list for PBXProject "Swift5TableViewBasic" */;
			compatibilityVersion = "Xcode 9.3";
			developmentRegion = en;
			hasScannedForEncodings = 0;
			knownRegions = (
				en,
				Base,
			);
			mainGroup = 00FBAA0226E2999400EA8696;
			productRefGroup = 00FBAA0C26E2999400EA8696 /* Products */;
			projectDirPath = "";
			projectRoot = "";
			targets = (
				00FBAA0A26E2999400EA8696 /* Swift5TableViewBasic */,
			);
		};
/* End PBXProject section */

/* Begin PBXResourcesBuildPhase section */
		00FBAA0926E2999400EA8696 /* Resources */ = {
			isa = PBXResourcesBuildPhase;
			buildActionMask = 2147483647;
			files = (
				00FBAA1B26E2999600EA8696 /* LaunchScreen.storyboard in Resources */,
				00FBAA1826E2999600EA8696 /* Assets.xcassets in Resources */,
				00FBAA1626E2999400EA8696 /* Main.storyboard in Resources */,
			);
			runOnlyForDeploymentPostprocessing = 0;
		};
/* End PBXResourcesBuildPhase section */

/* Begin PBXSourcesBuildPhase section */
		00FBAA0726E2999400EA8696 /* Sources */ = {
			isa = PBXSourcesBuildPhase;
			buildActionMask = 2147483647;
			files = (
				00FBAA1326E2999400EA8696 /* ViewController.swift in Sources */,
				00FBAA2326E29AEB00EA8696 /* NextViewController.swift in Sources */,
				00FBAA0F26E2999400EA8696 /* AppDelegate.swift in Sources */,
				00FBAA1126E2999400EA8696 /* SceneDelegate.swift in Sources */,
			);
			runOnlyForDeploymentPostprocessing = 0;
		};
/* End PBXSourcesBuildPhase section */

/* Begin PBXVariantGroup section */
		00FBAA1426E2999400EA8696 /* Main.storyboard */ = {
			isa = PBXVariantGroup;
			children = (
				00FBAA1526E2999400EA8696 /* Base */,
			);
			name = Main.storyboard;
			sourceTree = "<group>";
		};
		00FBAA1926E2999600EA8696 /* LaunchScreen.storyboard */ = {
			isa = PBXVariantGroup;
			children = (
				00FBAA1A26E2999600EA8696 /* Base */,
			);
			name = LaunchScreen.storyboard;
			sourceTree = "<group>";
		};
/* End PBXVariantGroup section */

/* Begin XCBuildConfiguration section */
		00FBAA1D26E2999600EA8696 /* Debug */ = {
			isa = XCBuildConfiguration;
			buildSettings = {
				ALWAYS_SEARCH_USER_PATHS = NO;
				CLANG_ANALYZER_NONNULL = YES;
				CLANG_ANALYZER_NUMBER_OBJECT_CONVERSION = YES_AGGRESSIVE;
				CLANG_CXX_LANGUAGE_STANDARD = "gnu++14";
				CLANG_CXX_LIBRARY = "libc++";
				CLANG_ENABLE_MODULES = YES;
				CLANG_ENABLE_OBJC_ARC = YES;
				CLANG_ENABLE_OBJC_WEAK = YES;
				CLANG_WARN_BLOCK_CAPTURE_AUTORELEASING = YES;
				CLANG_WARN_BOOL_CONVERSION = YES;
				CLANG_WARN_COMMA = YES;
				CLANG_WARN_CONSTANT_CONVERSION = YES;
				CLANG_WARN_DEPRECATED_OBJC_IMPLEMENTATIONS = YES;
				CLANG_WARN_DIRECT_OBJC_ISA_USAGE = YES_ERROR;
				CLANG_WARN_DOCUMENTATION_COMMENTS = YES;
				CLANG_WARN_EMPTY_BODY = YES;
				CLANG_WARN_ENUM_CONVERSION = YES;
				CLANG_WARN_INFINITE_RECURSION = YES;
				CLANG_WARN_INT_CONVERSION = YES;
				CLANG_WARN_NON_LITERAL_NULL_CONVERSION = YES;
				CLANG_WARN_OBJC_IMPLICIT_RETAIN_SELF = YES;
				CLANG_WARN_OBJC_LITERAL_CONVERSION = YES;
				CLANG_WARN_OBJC_ROOT_CLASS = YES_ERROR;
				CLANG_WARN_QUOTED_INCLUDE_IN_FRAMEWORK_HEADER = YES;
				CLANG_WARN_RANGE_LOOP_ANALYSIS = YES;
				CLANG_WARN_STRICT_PROTOTYPES = YES;
				CLANG_WARN_SUSPICIOUS_MOVE = YES;
				CLANG_WARN_UNGUARDED_AVAILABILITY = YES_AGGRESSIVE;
				CLANG_WARN_UNREACHABLE_CODE = YES;
				CLANG_WARN__DUPLICATE_METHOD_MATCH = YES;
				COPY_PHASE_STRIP = NO;
				DEBUG_INFORMATION_FORMAT = dwarf;
				ENABLE_STRICT_OBJC_MSGSEND = YES;
				ENABLE_TESTABILITY = YES;
				GCC_C_LANGUAGE_STANDARD = gnu11;
				GCC_DYNAMIC_NO_PIC = NO;
				GCC_NO_COMMON_BLOCKS = YES;
				GCC_OPTIMIZATION_LEVEL = 0;
				GCC_PREPROCESSOR_DEFINITIONS = (
					"DEBUG=1",
					"$(inherited)",
				);
				GCC_WARN_64_TO_32_BIT_CONVERSION = YES;
				GCC_WARN_ABOUT_RETURN_TYPE = YES_ERROR;
				GCC_WARN_UNDECLARED_SELECTOR = YES;
				GCC_WARN_UNINITIALIZED_AUTOS = YES_AGGRESSIVE;
				GCC_WARN_UNUSED_FUNCTION = YES;
				GCC_WARN_UNUSED_VARIABLE = YES;
				IPHONEOS_DEPLOYMENT_TARGET = 14.5;
				MTL_ENABLE_DEBUG_INFO = INCLUDE_SOURCE;
				MTL_FAST_MATH = YES;
				ONLY_ACTIVE_ARCH = YES;
				SDKROOT = iphoneos;
				SWIFT_ACTIVE_COMPILATION_CONDITIONS = DEBUG;
				SWIFT_OPTIMIZATION_LEVEL = "-Onone";
			};
			name = Debug;
		};
		00FBAA1E26E2999600EA8696 /* Release */ = {
			isa = XCBuildConfiguration;
			buildSettings = {
				ALWAYS_SEARCH_USER_PATHS = NO;
				CLANG_ANALYZER_NONNULL = YES;
				CLANG_ANALYZER_NUMBER_OBJECT_CONVERSION = YES_AGGRESSIVE;
				CLANG_CXX_LANGUAGE_STANDARD = "gnu++14";
				CLANG_CXX_LIBRARY = "libc++";
				CLANG_ENABLE_MODULES = YES;
				CLANG_ENABLE_OBJC_ARC = YES;
				CLANG_ENABLE_OBJC_WEAK = YES;
				CLANG_WARN_BLOCK_CAPTURE_AUTORELEASING = YES;
				CLANG_WARN_BOOL_CONVERSION = YES;
				CLANG_WARN_COMMA = YES;
				CLANG_WARN_CONSTANT_CONVERSION = YES;
				CLANG_WARN_DEPRECATED_OBJC_IMPLEMENTATIONS = YES;
				CLANG_WARN_DIRECT_OBJC_ISA_USAGE = YES_ERROR;
				CLANG_WARN_DOCUMENTATION_COMMENTS = YES;
				CLANG_WARN_EMPTY_BODY = YES;
				CLANG_WARN_ENUM_CONVERSION = YES;
				CLANG_WARN_INFINITE_RECURSION = YES;
				CLANG_WARN_INT_CONVERSION = YES;
				CLANG_WARN_NON_LITERAL_NULL_CONVERSION = YES;
				CLANG_WARN_OBJC_IMPLICIT_RETAIN_SELF = YES;
				CLANG_WARN_OBJC_LITERAL_CONVERSION = YES;
				CLANG_WARN_OBJC_ROOT_CLASS = YES_ERROR;
				CLANG_WARN_QUOTED_INCLUDE_IN_FRAMEWORK_HEADER = YES;
				CLANG_WARN_RANGE_LOOP_ANALYSIS = YES;
				CLANG_WARN_STRICT_PROTOTYPES = YES;
				CLANG_WARN_SUSPICIOUS_MOVE = YES;
				CLANG_WARN_UNGUARDED_AVAILABILITY = YES_AGGRESSIVE;
				CLANG_WARN_UNREACHABLE_CODE = YES;
				CLANG_WARN__DUPLICATE_METHOD_MATCH = YES;
				COPY_PHASE_STRIP = NO;
				DEBUG_INFORMATION_FORMAT = "dwarf-with-dsym";
				ENABLE_NS_ASSERTIONS = NO;
				ENABLE_STRICT_OBJC_MSGSEND = YES;
				GCC_C_LANGUAGE_STANDARD = gnu11;
				GCC_NO_COMMON_BLOCKS = YES;
				GCC_WARN_64_TO_32_BIT_CONVERSION = YES;
				GCC_WARN_ABOUT_RETURN_TYPE = YES_ERROR;
				GCC_WARN_UNDECLARED_SELECTOR = YES;
				GCC_WARN_UNINITIALIZED_AUTOS = YES_AGGRESSIVE;
				GCC_WARN_UNUSED_FUNCTION = YES;
				GCC_WARN_UNUSED_VARIABLE = YES;
				IPHONEOS_DEPLOYMENT_TARGET = 14.5;
				MTL_ENABLE_DEBUG_INFO = NO;
				MTL_FAST_MATH = YES;
				SDKROOT = iphoneos;
				SWIFT_COMPILATION_MODE = wholemodule;
				SWIFT_OPTIMIZATION_LEVEL = "-O";
				VALIDATE_PRODUCT = YES;
			};
			name = Release;
		};
		00FBAA2026E2999600EA8696 /* Debug */ = {
			isa = XCBuildConfiguration;
			buildSettings = {
				ASSETCATALOG_COMPILER_APPICON_NAME = AppIcon;
				ASSETCATALOG_COMPILER_GLOBAL_ACCENT_COLOR_NAME = AccentColor;
				CODE_SIGN_STYLE = Automatic;
				DEVELOPMENT_TEAM = W8F4V4L55U;
				INFOPLIST_FILE = Swift5TableViewBasic/Info.plist;
				LD_RUNPATH_SEARCH_PATHS = (
					"$(inherited)",
					"@executable_path/Frameworks",
				);
				PRODUCT_BUNDLE_IDENTIFIER = com.takafumi.Swift5TableViewBasic;
				PRODUCT_NAME = "$(TARGET_NAME)";
				SWIFT_VERSION = 5.0;
				TARGETED_DEVICE_FAMILY = 1;
			};
			name = Debug;
		};
		00FBAA2126E2999600EA8696 /* Release */ = {
			isa = XCBuildConfiguration;
			buildSettings = {
				ASSETCATALOG_COMPILER_APPICON_NAME = AppIcon;
				ASSETCATALOG_COMPILER_GLOBAL_ACCENT_COLOR_NAME = AccentColor;
				CODE_SIGN_STYLE = Automatic;
				DEVELOPMENT_TEAM = W8F4V4L55U;
				INFOPLIST_FILE = Swift5TableViewBasic/Info.plist;
				LD_RUNPATH_SEARCH_PATHS = (
					"$(inherited)",
					"@executable_path/Frameworks",
				);
				PRODUCT_BUNDLE_IDENTIFIER = com.takafumi.Swift5TableViewBasic;
				PRODUCT_NAME = "$(TARGET_NAME)";
				SWIFT_VERSION = 5.0;
				TARGETED_DEVICE_FAMILY = 1;
			};
			name = Release;
		};
/* End XCBuildConfiguration section */

/* Begin XCConfigurationList section */
		00FBAA0626E2999400EA8696 /* Build configuration list for PBXProject "Swift5TableViewBasic" */ = {
			isa = XCConfigurationList;
			buildConfigurations = (
				00FBAA1D26E2999600EA8696 /* Debug */,
				00FBAA1E26E2999600EA8696 /* Release */,
			);
			defaultConfigurationIsVisible = 0;
			defaultConfigurationName = Release;
		};
		00FBAA1F26E2999600EA8696 /* Build configuration list for PBXNativeTarget "Swift5TableViewBasic" */ = {
			isa = XCConfigurationList;
			buildConfigurations = (
				00FBAA2026E2999600EA8696 /* Debug */,
				00FBAA2126E2999600EA8696 /* Release */,
			);
			defaultConfigurationIsVisible = 0;
			defaultConfigurationName = Release;
		};
/* End XCConfigurationList section */
	};
	rootObject = 00FBAA0326E2999400EA8696 /* Project object */;
}
